# THIS IS AN AUTOGENERATED FILE. DO NOT EDIT THIS FILE DIRECTLY.
# yarn lockfile v1


react-hook-form@^7.19.0:
  version "7.19.0"
  resolved "https://registry.yarnpkg.com/react-hook-form/-/react-hook-form-7.19.0.tgz#8549d33988be48157769d5d6788a05bef2d8ea07"
  integrity sha512-imJZIjqaDo12CrcMctK88PdNvl9CweS2QAsH/aZqxzJc/JIpvaBpaoYFdnBVs58imGm8drQ9+cM0vRK+HglN3w==
